
Microsoft Visual Studio Solution File, Format Version 12.00
# Visual Studio Version 17
VisualStudioVersion = 17.8.34330.188
MinimumVisualStudioVersion = 10.0.40219.1
Project("{FAE04EC0-301F-11D3-BF4B-00C04F79EFBC}") = "TechCarrerTask2", "TechCarrerTask2\TechCarrerTask2.csproj", "{9BCA77B1-B4BC-43BA-B7A4-A38CC10C7A00}"
EndProject
Global
	GlobalSection(SolutionConfigurationPlatforms) = preSolution
		Debug|Any CPU = Debug|Any CPU
		Release|Any CPU = Release|Any CPU
	EndGlobalSection
	GlobalSection(ProjectConfigurationPlatforms) = postSolution
		{9BCA77B1-B4BC-43BA-B7A4-A38CC10C7A00}.Debug|Any CPU.ActiveCfg = Debug|Any CPU
		{9BCA77B1-B4BC-43BA-B7A4-A38CC10C7A00}.Debug|Any CPU.Build.0 = Debug|Any CPU
		{9BCA77B1-B4BC-43BA-B7A4-A38CC10C7A00}.Release|Any CPU.ActiveCfg = Release|Any CPU
		{9BCA77B1-B4BC-43BA-B7A4-A38CC10C7A00}.Release|Any CPU.Build.0 = Release|Any CPU
	EndGlobalSection
	GlobalSection(SolutionProperties) = preSolution
		HideSolutionNode = FALSE
	EndGlobalSection
	GlobalSection(ExtensibilityGlobals) = postSolution
		SolutionGuid = {CC2C09E4-2F69-46DC-9F51-02520A1D7C7A}
	EndGlobalSection
EndGlobal
